
Microsoft Visual Studio Solution File, Format Version 12.00
# Visual Studio Version 17
VisualStudioVersion = 17.11.35312.102
MinimumVisualStudioVersion = 10.0.40219.1
Project("{FAE04EC0-301F-11D3-BF4B-00C04F79EFBC}") = "JobMan.API", "JobMan.API.csproj", "{0D956E5B-7742-4C9F-A782-BA307CB62911}"
EndProject
Global
	GlobalSection(SolutionConfigurationPlatforms) = preSolution
		Debug|Any CPU = Debug|Any CPU
		Release|Any CPU = Release|Any CPU
	EndGlobalSection
	GlobalSection(ProjectConfigurationPlatforms) = postSolution
		{0D956E5B-7742-4C9F-A782-BA307CB62911}.Debug|Any CPU.ActiveCfg = Debug|Any CPU
		{0D956E5B-7742-4C9F-A782-BA307CB62911}.Debug|Any CPU.Build.0 = Debug|Any CPU
		{0D956E5B-7742-4C9F-A782-BA307CB62911}.Release|Any CPU.ActiveCfg = Release|Any CPU
		{0D956E5B-7742-4C9F-A782-BA307CB62911}.Release|Any CPU.Build.0 = Release|Any CPU
	EndGlobalSection
	GlobalSection(SolutionProperties) = preSolution
		HideSolutionNode = FALSE
	EndGlobalSection
	GlobalSection(ExtensibilityGlobals) = postSolution
		SolutionGuid = {F8BD7AD6-4AE3-4385-ACD0-7B61BEFB7ADF}
	EndGlobalSection
EndGlobal
